
Microsoft Visual Studio Solution File, Format Version 12.00
# Visual Studio Version 17
VisualStudioVersion = 17.0.32112.339
MinimumVisualStudioVersion = 10.0.40219.1
Project("{2150E333-8FDC-42A3-9474-1A3956D46DE8}") = "00 dll", "00 dll", "{2A8EBADF-8E08-4D21-9EB1-80C325F21C79}"
	ProjectSection(SolutionItems) = preProject
		dll\Chloe.dll = dll\Chloe.dll
		dll\DmProvider.dll = dll\DmProvider.dll
	EndProjectSection
EndProject
Project("{9A19103F-16F7-4668-BE54-9A1E7A4F7556}") = "Gksyb.Model", "Gksyb.Model\Gksyb.Model.csproj", "{99852D2D-7EF4-4AA8-85B3-5735A5C298A3}"
EndProject
Project("{9A19103F-16F7-4668-BE54-9A1E7A4F7556}") = "Gksyb.Server", "Gksyb.Server\Gksyb.Server.csproj", "{62620335-05D5-4EEE-B397-45840A423179}"
EndProject
Project("{9A19103F-16F7-4668-BE54-9A1E7A4F7556}") = "WebHost", "WebHost\WebHost.csproj", "{70BF74FF-667F-446B-A08D-BE826D6A6485}"
EndProject
Project("{9A19103F-16F7-4668-BE54-9A1E7A4F7556}") = "Gksyb.Common", "Gksyb.Common\Gksyb.Common.csproj", "{39FC612E-3C38-4C7B-9626-2A5405B730D6}"
EndProject
Project("{9A19103F-16F7-4668-BE54-9A1E7A4F7556}") = "Gksyb.Core", "Gksyb.Core\Gksyb.Core.csproj", "{0C395582-7811-4B0E-88A8-1433D2FB6431}"
EndProject
Project("{2150E333-8FDC-42A3-9474-1A3956D46DE8}") = "01 框架通用组件", "01 框架通用组件", "{6A2F2219-CC20-4466-8403-E8CCD7BBE93A}"
EndProject
Project("{2150E333-8FDC-42A3-9474-1A3956D46DE8}") = "02 框架共用实体", "02 框架共用实体", "{64F5595D-F53D-454A-9566-76794F77CC44}"
EndProject
Project("{2150E333-8FDC-42A3-9474-1A3956D46DE8}") = "03 框架共用定义", "03 框架共用定义", "{3F7E9DEE-DB2A-47FF-8A76-C5BA1F80F180}"
EndProject
Project("{2150E333-8FDC-42A3-9474-1A3956D46DE8}") = "04 业务模块", "04 业务模块", "{630FC4D1-BF79-46C2-846A-AF3CE36D23AD}"
EndProject
Project("{2150E333-8FDC-42A3-9474-1A3956D46DE8}") = "web主机", "web主机", "{48810891-CE97-42B0-BD4B-CDDD3FA3BD65}"
EndProject
Project("{9A19103F-16F7-4668-BE54-9A1E7A4F7556}") = "Gksyb.Workflow", "Gksyb.Workflow\Gksyb.Workflow.csproj", "{E606AE3C-AECA-4827-94C2-4D33DED02153}"
EndProject
Project("{2150E333-8FDC-42A3-9474-1A3956D46DE8}") = "05 EAM", "05 EAM", "{AC6A1C58-1DC9-4D01-B3F0-C578EE004951}"
EndProject
Project("{2150E333-8FDC-42A3-9474-1A3956D46DE8}") = "0501 设备", "0501 设备", "{712AA5E4-4CBA-4D4E-A085-F6EB4CB06C1D}"
EndProject
Project("{9A19103F-16F7-4668-BE54-9A1E7A4F7556}") = "EAM.Device", "EAM.Device\EAM.Device.csproj", "{056B5B0D-C253-4F4B-A9B8-7BD5AE32E380}"
EndProject
Project("{2150E333-8FDC-42A3-9474-1A3956D46DE8}") = "0502 物资", "0502 物资", "{E7CDE879-36BF-46B5-88CC-7F15A974CBF5}"
EndProject
Project("{9A19103F-16F7-4668-BE54-9A1E7A4F7556}") = "EAM.Material", "EAM.Material\EAM.Material.csproj", "{D5A713B3-5CF9-4B57-B5D0-CFB6F8ADE065}"
EndProject
Project("{2150E333-8FDC-42A3-9474-1A3956D46DE8}") = "0503 专项", "0503 专项", "{34505D04-B687-45F5-824B-1EE361C2FBEF}"
EndProject
Project("{9A19103F-16F7-4668-BE54-9A1E7A4F7556}") = "EAM.Special", "EAM.Special\EAM.Special.csproj", "{34E31A25-3F6B-47BC-94D4-054A90A3A467}"
EndProject
Project("{2150E333-8FDC-42A3-9474-1A3956D46DE8}") = "0504 能源", "0504 能源", "{6DAAEE19-1586-4C33-AA3E-C885E6E4F137}"
EndProject
Project("{9A19103F-16F7-4668-BE54-9A1E7A4F7556}") = "EAM.Energy", "EAM.Energy\EAM.Energy.csproj", "{EBE0DE6B-DE4C-4B8B-8158-B48D1722C238}"
EndProject
Project("{9A19103F-16F7-4668-BE54-9A1E7A4F7556}") = "EAM.Repair", "EAM.Repair\EAM.Repair.csproj", "{C5160B15-E204-49CC-910F-3D96A2697C50}"
EndProject
Global
	GlobalSection(SolutionConfigurationPlatforms) = preSolution
		Debug|Any CPU = Debug|Any CPU
		Release|Any CPU = Release|Any CPU
	EndGlobalSection
	GlobalSection(ProjectConfigurationPlatforms) = postSolution
		{99852D2D-7EF4-4AA8-85B3-5735A5C298A3}.Debug|Any CPU.ActiveCfg = Debug|Any CPU
		{99852D2D-7EF4-4AA8-85B3-5735A5C298A3}.Release|Any CPU.ActiveCfg = Release|Any CPU
		{99852D2D-7EF4-4AA8-85B3-5735A5C298A3}.Release|Any CPU.Build.0 = Release|Any CPU
		{62620335-05D5-4EEE-B397-45840A423179}.Debug|Any CPU.ActiveCfg = Debug|Any CPU
		{62620335-05D5-4EEE-B397-45840A423179}.Release|Any CPU.ActiveCfg = Release|Any CPU
		{62620335-05D5-4EEE-B397-45840A423179}.Release|Any CPU.Build.0 = Release|Any CPU
		{70BF74FF-667F-446B-A08D-BE826D6A6485}.Debug|Any CPU.ActiveCfg = Debug|Any CPU
		{70BF74FF-667F-446B-A08D-BE826D6A6485}.Debug|Any CPU.Build.0 = Debug|Any CPU
		{70BF74FF-667F-446B-A08D-BE826D6A6485}.Release|Any CPU.ActiveCfg = Release|Any CPU
		{70BF74FF-667F-446B-A08D-BE826D6A6485}.Release|Any CPU.Build.0 = Release|Any CPU
		{39FC612E-3C38-4C7B-9626-2A5405B730D6}.Debug|Any CPU.ActiveCfg = Debug|Any CPU
		{39FC612E-3C38-4C7B-9626-2A5405B730D6}.Release|Any CPU.ActiveCfg = Release|Any CPU
		{39FC612E-3C38-4C7B-9626-2A5405B730D6}.Release|Any CPU.Build.0 = Release|Any CPU
		{0C395582-7811-4B0E-88A8-1433D2FB6431}.Debug|Any CPU.ActiveCfg = Debug|Any CPU
		{0C395582-7811-4B0E-88A8-1433D2FB6431}.Release|Any CPU.ActiveCfg = Release|Any CPU
		{0C395582-7811-4B0E-88A8-1433D2FB6431}.Release|Any CPU.Build.0 = Release|Any CPU
		{E606AE3C-AECA-4827-94C2-4D33DED02153}.Debug|Any CPU.ActiveCfg = Debug|Any CPU
		{E606AE3C-AECA-4827-94C2-4D33DED02153}.Release|Any CPU.ActiveCfg = Release|Any CPU
		{E606AE3C-AECA-4827-94C2-4D33DED02153}.Release|Any CPU.Build.0 = Release|Any CPU
		{056B5B0D-C253-4F4B-A9B8-7BD5AE32E380}.Debug|Any CPU.ActiveCfg = Debug|Any CPU
		{056B5B0D-C253-4F4B-A9B8-7BD5AE32E380}.Debug|Any CPU.Build.0 = Debug|Any CPU
		{056B5B0D-C253-4F4B-A9B8-7BD5AE32E380}.Release|Any CPU.ActiveCfg = Release|Any CPU
		{056B5B0D-C253-4F4B-A9B8-7BD5AE32E380}.Release|Any CPU.Build.0 = Release|Any CPU
		{D5A713B3-5CF9-4B57-B5D0-CFB6F8ADE065}.Debug|Any CPU.ActiveCfg = Debug|Any CPU
		{D5A713B3-5CF9-4B57-B5D0-CFB6F8ADE065}.Debug|Any CPU.Build.0 = Debug|Any CPU
		{D5A713B3-5CF9-4B57-B5D0-CFB6F8ADE065}.Release|Any CPU.ActiveCfg = Release|Any CPU
		{D5A713B3-5CF9-4B57-B5D0-CFB6F8ADE065}.Release|Any CPU.Build.0 = Release|Any CPU
		{34E31A25-3F6B-47BC-94D4-054A90A3A467}.Debug|Any CPU.ActiveCfg = Debug|Any CPU
		{34E31A25-3F6B-47BC-94D4-054A90A3A467}.Debug|Any CPU.Build.0 = Debug|Any CPU
		{34E31A25-3F6B-47BC-94D4-054A90A3A467}.Release|Any CPU.ActiveCfg = Release|Any CPU
		{34E31A25-3F6B-47BC-94D4-054A90A3A467}.Release|Any CPU.Build.0 = Release|Any CPU
		{EBE0DE6B-DE4C-4B8B-8158-B48D1722C238}.Debug|Any CPU.ActiveCfg = Debug|Any CPU
		{EBE0DE6B-DE4C-4B8B-8158-B48D1722C238}.Debug|Any CPU.Build.0 = Debug|Any CPU
		{EBE0DE6B-DE4C-4B8B-8158-B48D1722C238}.Release|Any CPU.ActiveCfg = Release|Any CPU
		{EBE0DE6B-DE4C-4B8B-8158-B48D1722C238}.Release|Any CPU.Build.0 = Release|Any CPU
		{C5160B15-E204-49CC-910F-3D96A2697C50}.Debug|Any CPU.ActiveCfg = Debug|Any CPU
		{C5160B15-E204-49CC-910F-3D96A2697C50}.Debug|Any CPU.Build.0 = Debug|Any CPU
		{C5160B15-E204-49CC-910F-3D96A2697C50}.Release|Any CPU.ActiveCfg = Release|Any CPU
		{C5160B15-E204-49CC-910F-3D96A2697C50}.Release|Any CPU.Build.0 = Release|Any CPU
	EndGlobalSection
	GlobalSection(SolutionProperties) = preSolution
		HideSolutionNode = FALSE
	EndGlobalSection
	GlobalSection(NestedProjects) = preSolution
		{99852D2D-7EF4-4AA8-85B3-5735A5C298A3} = {64F5595D-F53D-454A-9566-76794F77CC44}
		{62620335-05D5-4EEE-B397-45840A423179} = {630FC4D1-BF79-46C2-846A-AF3CE36D23AD}
		{70BF74FF-667F-446B-A08D-BE826D6A6485} = {48810891-CE97-42B0-BD4B-CDDD3FA3BD65}
		{39FC612E-3C38-4C7B-9626-2A5405B730D6} = {6A2F2219-CC20-4466-8403-E8CCD7BBE93A}
		{0C395582-7811-4B0E-88A8-1433D2FB6431} = {3F7E9DEE-DB2A-47FF-8A76-C5BA1F80F180}
		{E606AE3C-AECA-4827-94C2-4D33DED02153} = {630FC4D1-BF79-46C2-846A-AF3CE36D23AD}
		{712AA5E4-4CBA-4D4E-A085-F6EB4CB06C1D} = {AC6A1C58-1DC9-4D01-B3F0-C578EE004951}
		{056B5B0D-C253-4F4B-A9B8-7BD5AE32E380} = {712AA5E4-4CBA-4D4E-A085-F6EB4CB06C1D}
		{E7CDE879-36BF-46B5-88CC-7F15A974CBF5} = {AC6A1C58-1DC9-4D01-B3F0-C578EE004951}
		{D5A713B3-5CF9-4B57-B5D0-CFB6F8ADE065} = {E7CDE879-36BF-46B5-88CC-7F15A974CBF5}
		{34505D04-B687-45F5-824B-1EE361C2FBEF} = {AC6A1C58-1DC9-4D01-B3F0-C578EE004951}
		{34E31A25-3F6B-47BC-94D4-054A90A3A467} = {34505D04-B687-45F5-824B-1EE361C2FBEF}
		{6DAAEE19-1586-4C33-AA3E-C885E6E4F137} = {AC6A1C58-1DC9-4D01-B3F0-C578EE004951}
		{EBE0DE6B-DE4C-4B8B-8158-B48D1722C238} = {6DAAEE19-1586-4C33-AA3E-C885E6E4F137}
		{C5160B15-E204-49CC-910F-3D96A2697C50} = {712AA5E4-4CBA-4D4E-A085-F6EB4CB06C1D}
	EndGlobalSection
	GlobalSection(ExtensibilityGlobals) = postSolution
		SolutionGuid = {4E80B17E-A7B7-4F35-B424-56F6333E0DCF}
		VisualSVNWorkingCopyRoot = .
	EndGlobalSection
EndGlobal
